
Microsoft Visual Studio Solution File, Format Version 11.00
# Visual Studio 2010
Project("{FAE04EC0-301F-11D3-BF4B-00C04F79EFBC}") = "ShapesRuntime", "ShapesRuntime.csproj", "{028e0133-34a3-5976-1b6c-23d9bcba00b8}"
EndProject
Project("{FAE04EC0-301F-11D3-BF4B-00C04F79EFBC}") = "Assembly-CSharp", "Assembly-CSharp.csproj", "{0af3764e-9b1a-1c33-fefd-f17544a896be}"
EndProject
Project("{FAE04EC0-301F-11D3-BF4B-00C04F79EFBC}") = "ShapesEditor", "ShapesEditor.csproj", "{ee7bdce8-799c-c55c-7105-619507d5f059}"
EndProject
Project("{FAE04EC0-301F-11D3-BF4B-00C04F79EFBC}") = "Assembly-CSharp-Editor", "Assembly-CSharp-Editor.csproj", "{5cb21ae1-7a41-b3a4-84ff-2d5e3025b884}"
EndProject
Global
	GlobalSection(SolutionConfigurationPlatforms) = preSolution
		Debug|Any CPU = Debug|Any CPU
	EndGlobalSection
	GlobalSection(ProjectConfigurationPlatforms) = postSolution
		{028e0133-34a3-5976-1b6c-23d9bcba00b8}.Debug|Any CPU.ActiveCfg = Debug|Any CPU
		{028e0133-34a3-5976-1b6c-23d9bcba00b8}.Debug|Any CPU.Build.0 = Debug|Any CPU
		{0af3764e-9b1a-1c33-fefd-f17544a896be}.Debug|Any CPU.ActiveCfg = Debug|Any CPU
		{0af3764e-9b1a-1c33-fefd-f17544a896be}.Debug|Any CPU.Build.0 = Debug|Any CPU
		{ee7bdce8-799c-c55c-7105-619507d5f059}.Debug|Any CPU.ActiveCfg = Debug|Any CPU
		{ee7bdce8-799c-c55c-7105-619507d5f059}.Debug|Any CPU.Build.0 = Debug|Any CPU
		{5cb21ae1-7a41-b3a4-84ff-2d5e3025b884}.Debug|Any CPU.ActiveCfg = Debug|Any CPU
		{5cb21ae1-7a41-b3a4-84ff-2d5e3025b884}.Debug|Any CPU.Build.0 = Debug|Any CPU
	EndGlobalSection
	GlobalSection(SolutionProperties) = preSolution
		HideSolutionNode = FALSE
	EndGlobalSection
EndGlobal
